
Microsoft Visual Studio Solution File, Format Version 12.00
# Visual Studio Version 17
VisualStudioVersion = 17.2.32616.157
MinimumVisualStudioVersion = 10.0.40219.1
Project("{9A19103F-16F7-4668-BE54-9A1E7A4F7556}") = "Manage.Config.Service", "Manage.Config.Service\Manage.Config.Service.csproj", "{B45CF4E5-7B82-4338-9200-5C71A050A4F6}"
EndProject
Project("{2150E333-8FDC-42A3-9474-1A3956D46DE8}") = "Tests", "Tests", "{74014B93-A839-4467-9D4A-3ABF37207463}"
EndProject
Project("{9A19103F-16F7-4668-BE54-9A1E7A4F7556}") = "Manage.Config.Service.Tests", "Manage.Config.Service.Tests\Manage.Config.Service.Tests.csproj", "{4E846F67-48DC-474E-988B-E7269CDB0391}"
EndProject
Project("{9A19103F-16F7-4668-BE54-9A1E7A4F7556}") = "Manage.Config.Web", "Manage.Config.Web\Manage.Config.Web.csproj", "{AFBDC159-75EF-47A1-BF30-4ED3F0B7C585}"
EndProject
Global
	GlobalSection(SolutionConfigurationPlatforms) = preSolution
		Debug|Any CPU = Debug|Any CPU
		Release|Any CPU = Release|Any CPU
	EndGlobalSection
	GlobalSection(ProjectConfigurationPlatforms) = postSolution
		{B45CF4E5-7B82-4338-9200-5C71A050A4F6}.Debug|Any CPU.ActiveCfg = Debug|Any CPU
		{B45CF4E5-7B82-4338-9200-5C71A050A4F6}.Debug|Any CPU.Build.0 = Debug|Any CPU
		{B45CF4E5-7B82-4338-9200-5C71A050A4F6}.Release|Any CPU.ActiveCfg = Release|Any CPU
		{B45CF4E5-7B82-4338-9200-5C71A050A4F6}.Release|Any CPU.Build.0 = Release|Any CPU
		{4E846F67-48DC-474E-988B-E7269CDB0391}.Debug|Any CPU.ActiveCfg = Debug|Any CPU
		{4E846F67-48DC-474E-988B-E7269CDB0391}.Debug|Any CPU.Build.0 = Debug|Any CPU
		{4E846F67-48DC-474E-988B-E7269CDB0391}.Release|Any CPU.ActiveCfg = Release|Any CPU
		{4E846F67-48DC-474E-988B-E7269CDB0391}.Release|Any CPU.Build.0 = Release|Any CPU
		{AFBDC159-75EF-47A1-BF30-4ED3F0B7C585}.Debug|Any CPU.ActiveCfg = Debug|Any CPU
		{AFBDC159-75EF-47A1-BF30-4ED3F0B7C585}.Debug|Any CPU.Build.0 = Debug|Any CPU
		{AFBDC159-75EF-47A1-BF30-4ED3F0B7C585}.Release|Any CPU.ActiveCfg = Release|Any CPU
		{AFBDC159-75EF-47A1-BF30-4ED3F0B7C585}.Release|Any CPU.Build.0 = Release|Any CPU
	EndGlobalSection
	GlobalSection(SolutionProperties) = preSolution
		HideSolutionNode = FALSE
	EndGlobalSection
	GlobalSection(NestedProjects) = preSolution
		{4E846F67-48DC-474E-988B-E7269CDB0391} = {74014B93-A839-4467-9D4A-3ABF37207463}
	EndGlobalSection
	GlobalSection(ExtensibilityGlobals) = postSolution
		SolutionGuid = {E6ACDBCB-D97E-4909-87F8-5CCD95A14CAF}
	EndGlobalSection
EndGlobal
